
Microsoft Visual Studio Solution File, Format Version 12.00
# Visual Studio Version 16
VisualStudioVersion = 16.0.31005.135
MinimumVisualStudioVersion = 10.0.40219.1
Project("{FAE04EC0-301F-11D3-BF4B-00C04F79EFBC}") = "HelloWorld", "HelloWorld\HelloWorld.csproj", "{D4CE6319-E3DD-488C-90AB-CE8F6FEC5E17}"
EndProject
Global
	GlobalSection(SolutionConfigurationPlatforms) = preSolution
		Debug|Any CPU = Debug|Any CPU
		Release|Any CPU = Release|Any CPU
	EndGlobalSection
	GlobalSection(ProjectConfigurationPlatforms) = postSolution
		{D4CE6319-E3DD-488C-90AB-CE8F6FEC5E17}.Debug|Any CPU.ActiveCfg = Debug|Any CPU
		{D4CE6319-E3DD-488C-90AB-CE8F6FEC5E17}.Debug|Any CPU.Build.0 = Debug|Any CPU
		{D4CE6319-E3DD-488C-90AB-CE8F6FEC5E17}.Release|Any CPU.ActiveCfg = Release|Any CPU
		{D4CE6319-E3DD-488C-90AB-CE8F6FEC5E17}.Release|Any CPU.Build.0 = Release|Any CPU
	EndGlobalSection
	GlobalSection(SolutionProperties) = preSolution
		HideSolutionNode = FALSE
	EndGlobalSection
	GlobalSection(ExtensibilityGlobals) = postSolution
		SolutionGuid = {43071A17-3DEA-4BC3-B11E-5DBE476CE7BC}
	EndGlobalSection
EndGlobal
